
Microsoft Visual Studio Solution File, Format Version 10.00
# Visual Studio 2008
Project("{FAE04EC0-301F-11D3-BF4B-00C04F79EFBC}") = "SamplePrograms", "SamplePrograms\SamplePrograms.csproj", "{9043799A-FB58-4249-9477-B6FE5CC8A325}"
EndProject
Project("{FAE04EC0-301F-11D3-BF4B-00C04F79EFBC}") = "132MN", "Softwares\132MN\132MN.csproj", "{208BD725-F2B8-4735-A45A-3171E3E8FB7C}"
EndProject
Global
	GlobalSection(SolutionConfigurationPlatforms) = preSolution
		Debug|Any CPU = Debug|Any CPU
		Release|Any CPU = Release|Any CPU
	EndGlobalSection
	GlobalSection(ProjectConfigurationPlatforms) = postSolution
		{9043799A-FB58-4249-9477-B6FE5CC8A325}.Debug|Any CPU.ActiveCfg = Debug|Any CPU
		{9043799A-FB58-4249-9477-B6FE5CC8A325}.Debug|Any CPU.Build.0 = Debug|Any CPU
		{9043799A-FB58-4249-9477-B6FE5CC8A325}.Release|Any CPU.ActiveCfg = Release|Any CPU
		{9043799A-FB58-4249-9477-B6FE5CC8A325}.Release|Any CPU.Build.0 = Release|Any CPU
		{208BD725-F2B8-4735-A45A-3171E3E8FB7C}.Debug|Any CPU.ActiveCfg = Debug|Any CPU
		{208BD725-F2B8-4735-A45A-3171E3E8FB7C}.Debug|Any CPU.Build.0 = Debug|Any CPU
		{208BD725-F2B8-4735-A45A-3171E3E8FB7C}.Release|Any CPU.ActiveCfg = Release|Any CPU
		{208BD725-F2B8-4735-A45A-3171E3E8FB7C}.Release|Any CPU.Build.0 = Release|Any CPU
	EndGlobalSection
	GlobalSection(SolutionProperties) = preSolution
		HideSolutionNode = FALSE
	EndGlobalSection
EndGlobal
