
Microsoft Visual Studio Solution File, Format Version 10.00
# Visual Studio 2008
Project("{FAE04EC0-301F-11D3-BF4B-00C04F79EFBC}") = "BESTEST", "BESTEST\BESTEST.csproj", "{3C099C76-4C97-4C7A-B263-C7B270C83F0B}"
EndProject
Global
	GlobalSection(SolutionConfigurationPlatforms) = preSolution
		Debug|Any CPU = Debug|Any CPU
		Release|Any CPU = Release|Any CPU
	EndGlobalSection
	GlobalSection(ProjectConfigurationPlatforms) = postSolution
		{3C099C76-4C97-4C7A-B263-C7B270C83F0B}.Debug|Any CPU.ActiveCfg = Debug|Any CPU
		{3C099C76-4C97-4C7A-B263-C7B270C83F0B}.Debug|Any CPU.Build.0 = Debug|Any CPU
		{3C099C76-4C97-4C7A-B263-C7B270C83F0B}.Release|Any CPU.ActiveCfg = Release|Any CPU
		{3C099C76-4C97-4C7A-B263-C7B270C83F0B}.Release|Any CPU.Build.0 = Release|Any CPU
	EndGlobalSection
	GlobalSection(SolutionProperties) = preSolution
		HideSolutionNode = FALSE
	EndGlobalSection
EndGlobal
