
Microsoft Visual Studio Solution File, Format Version 10.00
# Visual Studio 2008
Project("{FAE04EC0-301F-11D3-BF4B-00C04F79EFBC}") = "Popolo", "Popolo\Popolo.csproj", "{6F5EF15E-4C58-457E-AFED-DBB50357425F}"
EndProject
Project("{FAE04EC0-301F-11D3-BF4B-00C04F79EFBC}") = "Popolo.Controls", "Popolo.Controls\Popolo.Controls.csproj", "{F2928D5A-48C4-4BC8-99BA-245A8274782B}"
EndProject
Global
	GlobalSection(SolutionConfigurationPlatforms) = preSolution
		Debug|Any CPU = Debug|Any CPU
		Release|Any CPU = Release|Any CPU
	EndGlobalSection
	GlobalSection(ProjectConfigurationPlatforms) = postSolution
		{6F5EF15E-4C58-457E-AFED-DBB50357425F}.Debug|Any CPU.ActiveCfg = Debug|Any CPU
		{6F5EF15E-4C58-457E-AFED-DBB50357425F}.Debug|Any CPU.Build.0 = Debug|Any CPU
		{6F5EF15E-4C58-457E-AFED-DBB50357425F}.Release|Any CPU.ActiveCfg = Release|Any CPU
		{6F5EF15E-4C58-457E-AFED-DBB50357425F}.Release|Any CPU.Build.0 = Release|Any CPU
		{F2928D5A-48C4-4BC8-99BA-245A8274782B}.Debug|Any CPU.ActiveCfg = Debug|Any CPU
		{F2928D5A-48C4-4BC8-99BA-245A8274782B}.Debug|Any CPU.Build.0 = Debug|Any CPU
		{F2928D5A-48C4-4BC8-99BA-245A8274782B}.Release|Any CPU.ActiveCfg = Release|Any CPU
		{F2928D5A-48C4-4BC8-99BA-245A8274782B}.Release|Any CPU.Build.0 = Release|Any CPU
	EndGlobalSection
	GlobalSection(SolutionProperties) = preSolution
		HideSolutionNode = FALSE
	EndGlobalSection
EndGlobal
